{
  "name": "login_signin_form",
  "lockfileVersion": 2,
  "requires": true,
  "packages": {
    "": {
      "devDependencies": {
        "@yek/sass": "^2.1.2"
      }
    },
    "node_modules/@yek/sass": {
      "version": "2.1.2",
      "resolved": "https://registry.npmjs.org/@yek/sass/-/sass-2.1.2.tgz",
      "integrity": "sha512-k6brLEpwcLAKb7eB9V3/Ei+P1rnbcIb8nEErv4OCjo/Ao1UMjnf922ozTguCI5Zj0eGYWnj9kOidq23jujXwDQ==",
      "dev": true
    }
  },
  "dependencies": {
    "@yek/sass": {
      "version": "2.1.2",
      "resolved": "https://registry.npmjs.org/@yek/sass/-/sass-2.1.2.tgz",
      "integrity": "sha512-k6brLEpwcLAKb7eB9V3/Ei+P1rnbcIb8nEErv4OCjo/Ao1UMjnf922ozTguCI5Zj0eGYWnj9kOidq23jujXwDQ==",
      "dev": true
    }
  }
}
